Microsoft Visual Studio Solution File, Format Version 12.00
# Visual Studio Version 17
VisualStudioVersion = 17.5.2.0
MinimumVisualStudioVersion = 10.0.40219.1
Project("{FAE04EC0-301F-11D3-BF4B-00C04F79EFBC}") = "Benchmarks", "Benchmarks\Benchmarks.csproj", "{2311A35A-630F-8D56-15CD-BBB525570F8F}"
EndProject
Project("{FAE04EC0-301F-11D3-BF4B-00C04F79EFBC}") = "BlazorServer", "BlazorServer\BlazorServer.csproj", "{A54C7275-E823-D105-A0DD-4D35CB594AFD}"
EndProject
Project("{FAE04EC0-301F-11D3-BF4B-00C04F79EFBC}") = "Core", "Core\Core.csproj", "{5ED06CAD-956C-C94D-BC0C-E89E30A887C2}"
EndProject
Project("{FAE04EC0-301F-11D3-BF4B-00C04F79EFBC}") = "CoreTests", "CoreTests\CoreTests.csproj", "{DD006D27-62F7-6F6D-475F-08D8F68DBDCA}"
EndProject
Project("{FAE04EC0-301F-11D3-BF4B-00C04F79EFBC}") = "DataConfig", "DataConfig\DataConfig.csproj", "{F526D08E-8705-F5C1-BB7E-963E447E86D2}"
EndProject
Project("{FAE04EC0-301F-11D3-BF4B-00C04F79EFBC}") = "Frontend", "Frontend\Frontend.csproj", "{90CF18BE-437A-4804-9E85-213B3EBFA1C5}"
EndProject
Project("{FAE04EC0-301F-11D3-BF4B-00C04F79EFBC}") = "Game", "Game\Game.csproj", "{B6E796FE-3606-90F3-964E-FB9FC248C429}"
EndProject
Project("{FAE04EC0-301F-11D3-BF4B-00C04F79EFBC}") = "HeadlessServer", "HeadlessServer\HeadlessServer.csproj", "{BB2E1CC9-AB58-0513-27B7-30AF59BC2A77}"
EndProject
Project("{FAE04EC0-301F-11D3-BF4B-00C04F79EFBC}") = "PathingAPI", "PathingAPI\PathingAPI.csproj", "{C13D2A53-D059-6C11-41B1-4FD1075F6249}"
EndProject
Project("{FAE04EC0-301F-11D3-BF4B-00C04F79EFBC}") = "PPather", "PPather\PPather.csproj", "{49E21501-0665-576B-3623-9F7EBF7B7AA7}"
EndProject
Project("{FAE04EC0-301F-11D3-BF4B-00C04F79EFBC}") = "SharedLib", "SharedLib\SharedLib.csproj", "{671F7D9E-8CE0-F7B6-5080-2E688951F00E}"
EndProject
Project("{FAE04EC0-301F-11D3-BF4B-00C04F79EFBC}") = "WinAPI", "WinAPI\WinAPI.csproj", "{373210F7-8546-42AC-9BAA-7014B09BBFB6}"
EndProject
Project("{FAE04EC0-301F-11D3-BF4B-00C04F79EFBC}") = "WowheadDB", "WowheadDB\WowheadDB.csproj", "{CA1F5B1B-1882-EE89-D6DF-649D6046E61E}"
EndProject
Project("{2150E333-8FDC-42A3-9474-1A3956D46DE8}") = "Utilities", "Utilities", "{DF572EAA-2BC4-7083-A1C9-E138B4BE775E}"
EndProject
Project("{FAE04EC0-301F-11D3-BF4B-00C04F79EFBC}") = "ReadDBC_CSV", "Utilities\ReadDBC_CSV\ReadDBC_CSV.csproj", "{F863E68B-AA84-8E64-9A99-0A6A729FA26B}"
EndProject
Project("{FAE04EC0-301F-11D3-BF4B-00C04F79EFBC}") = "WowheadDB_Extractor", "Utilities\WowheadDB_Extractor\WowheadDB_Extractor.csproj", "{F93D1125-6B9C-0365-C190-117936228EF4}"
EndProject
Project("{2150E333-8FDC-42A3-9474-1A3956D46DE8}") = "PathMaker", "PathMaker", "{A2720889-746A-7AB6-F856-352CD46466FB}"
EndProject
Project("{FAE04EC0-301F-11D3-BF4B-00C04F79EFBC}") = "PathMaker", "Utilities\PathMaker\PathMaker\PathMaker.csproj", "{5FE17596-6178-CA50-B1BD-AC14EC06962B}"
EndProject
Project("{2150E333-8FDC-42A3-9474-1A3956D46DE8}") = "ReadItems", "ReadItems", "{C66FADE4-DAEC-5120-66A5-1F8FCBB53E60}"
EndProject
Project("{2150E333-8FDC-42A3-9474-1A3956D46DE8}") = "ConsoleApp10", "ConsoleApp10", "{6F0F305A-9E25-A088-3B93-B6EC7C92DFEB}"
EndProject
Project("{FAE04EC0-301F-11D3-BF4B-00C04F79EFBC}") = "ReadWowDb", "Utilities\ReadItems\ConsoleApp10\ReadWowDb.csproj", "{2CE48043-E1A5-28B2-4F56-14850ED3A38C}"
EndProject
Global
	GlobalSection(SolutionConfigurationPlatforms) = preSolution
		Debug|Any CPU = Debug|Any CPU
		Release|Any CPU = Release|Any CPU
	EndGlobalSection
	GlobalSection(ProjectConfigurationPlatforms) = postSolution
		{2311A35A-630F-8D56-15CD-BBB525570F8F}.Debug|Any CPU.ActiveCfg = Debug|Any CPU
		{2311A35A-630F-8D56-15CD-BBB525570F8F}.Debug|Any CPU.Build.0 = Debug|Any CPU
		{2311A35A-630F-8D56-15CD-BBB525570F8F}.Release|Any CPU.ActiveCfg = Release|Any CPU
		{2311A35A-630F-8D56-15CD-BBB525570F8F}.Release|Any CPU.Build.0 = Release|Any CPU
		{A54C7275-E823-D105-A0DD-4D35CB594AFD}.Debug|Any CPU.ActiveCfg = Debug|Any CPU
		{A54C7275-E823-D105-A0DD-4D35CB594AFD}.Debug|Any CPU.Build.0 = Debug|Any CPU
		{A54C7275-E823-D105-A0DD-4D35CB594AFD}.Release|Any CPU.ActiveCfg = Release|Any CPU
		{A54C7275-E823-D105-A0DD-4D35CB594AFD}.Release|Any CPU.Build.0 = Release|Any CPU
		{5ED06CAD-956C-C94D-BC0C-E89E30A887C2}.Debug|Any CPU.ActiveCfg = Debug|Any CPU
		{5ED06CAD-956C-C94D-BC0C-E89E30A887C2}.Debug|Any CPU.Build.0 = Debug|Any CPU
		{5ED06CAD-956C-C94D-BC0C-E89E30A887C2}.Release|Any CPU.ActiveCfg = Release|Any CPU
		{5ED06CAD-956C-C94D-BC0C-E89E30A887C2}.Release|Any CPU.Build.0 = Release|Any CPU
		{DD006D27-62F7-6F6D-475F-08D8F68DBDCA}.Debug|Any CPU.ActiveCfg = Debug|Any CPU
		{DD006D27-62F7-6F6D-475F-08D8F68DBDCA}.Debug|Any CPU.Build.0 = Debug|Any CPU
		{DD006D27-62F7-6F6D-475F-08D8F68DBDCA}.Release|Any CPU.ActiveCfg = Release|Any CPU
		{DD006D27-62F7-6F6D-475F-08D8F68DBDCA}.Release|Any CPU.Build.0 = Release|Any CPU
		{F526D08E-8705-F5C1-BB7E-963E447E86D2}.Debug|Any CPU.ActiveCfg = Debug|Any CPU
		{F526D08E-8705-F5C1-BB7E-963E447E86D2}.Debug|Any CPU.Build.0 = Debug|Any CPU
		{F526D08E-8705-F5C1-BB7E-963E447E86D2}.Release|Any CPU.ActiveCfg = Release|Any CPU
		{F526D08E-8705-F5C1-BB7E-963E447E86D2}.Release|Any CPU.Build.0 = Release|Any CPU
		{90CF18BE-437A-4804-9E85-213B3EBFA1C5}.Debug|Any CPU.ActiveCfg = Debug|Any CPU
		{90CF18BE-437A-4804-9E85-213B3EBFA1C5}.Debug|Any CPU.Build.0 = Debug|Any CPU
		{90CF18BE-437A-4804-9E85-213B3EBFA1C5}.Release|Any CPU.ActiveCfg = Release|Any CPU
		{90CF18BE-437A-4804-9E85-213B3EBFA1C5}.Release|Any CPU.Build.0 = Release|Any CPU
		{B6E796FE-3606-90F3-964E-FB9FC248C429}.Debug|Any CPU.ActiveCfg = Debug|Any CPU
		{B6E796FE-3606-90F3-964E-FB9FC248C429}.Debug|Any CPU.Build.0 = Debug|Any CPU
		{B6E796FE-3606-90F3-964E-FB9FC248C429}.Release|Any CPU.ActiveCfg = Release|Any CPU
		{B6E796FE-3606-90F3-964E-FB9FC248C429}.Release|Any CPU.Build.0 = Release|Any CPU
		{BB2E1CC9-AB58-0513-27B7-30AF59BC2A77}.Debug|Any CPU.ActiveCfg = Debug|Any CPU
		{BB2E1CC9-AB58-0513-27B7-30AF59BC2A77}.Debug|Any CPU.Build.0 = Debug|Any CPU
		{BB2E1CC9-AB58-0513-27B7-30AF59BC2A77}.Release|Any CPU.ActiveCfg = Release|Any CPU
		{BB2E1CC9-AB58-0513-27B7-30AF59BC2A77}.Release|Any CPU.Build.0 = Release|Any CPU
		{C13D2A53-D059-6C11-41B1-4FD1075F6249}.Debug|Any CPU.ActiveCfg = Debug|Any CPU
		{C13D2A53-D059-6C11-41B1-4FD1075F6249}.Debug|Any CPU.Build.0 = Debug|Any CPU
		{C13D2A53-D059-6C11-41B1-4FD1075F6249}.Release|Any CPU.ActiveCfg = Release|Any CPU
		{C13D2A53-D059-6C11-41B1-4FD1075F6249}.Release|Any CPU.Build.0 = Release|Any CPU
		{49E21501-0665-576B-3623-9F7EBF7B7AA7}.Debug|Any CPU.ActiveCfg = Debug|Any CPU
		{49E21501-0665-576B-3623-9F7EBF7B7AA7}.Debug|Any CPU.Build.0 = Debug|Any CPU
		{49E21501-0665-576B-3623-9F7EBF7B7AA7}.Release|Any CPU.ActiveCfg = Release|Any CPU
		{49E21501-0665-576B-3623-9F7EBF7B7AA7}.Release|Any CPU.Build.0 = Release|Any CPU
		{671F7D9E-8CE0-F7B6-5080-2E688951F00E}.Debug|Any CPU.ActiveCfg = Debug|Any CPU
		{671F7D9E-8CE0-F7B6-5080-2E688951F00E}.Debug|Any CPU.Build.0 = Debug|Any CPU
		{671F7D9E-8CE0-F7B6-5080-2E688951F00E}.Release|Any CPU.ActiveCfg = Release|Any CPU
		{671F7D9E-8CE0-F7B6-5080-2E688951F00E}.Release|Any CPU.Build.0 = Release|Any CPU
		{373210F7-8546-42AC-9BAA-7014B09BBFB6}.Debug|Any CPU.ActiveCfg = Debug|Any CPU
		{373210F7-8546-42AC-9BAA-7014B09BBFB6}.Debug|Any CPU.Build.0 = Debug|Any CPU
		{373210F7-8546-42AC-9BAA-7014B09BBFB6}.Release|Any CPU.ActiveCfg = Release|Any CPU
		{373210F7-8546-42AC-9BAA-7014B09BBFB6}.Release|Any CPU.Build.0 = Release|Any CPU
		{CA1F5B1B-1882-EE89-D6DF-649D6046E61E}.Debug|Any CPU.ActiveCfg = Debug|Any CPU
		{CA1F5B1B-1882-EE89-D6DF-649D6046E61E}.Debug|Any CPU.Build.0 = Debug|Any CPU
		{CA1F5B1B-1882-EE89-D6DF-649D6046E61E}.Release|Any CPU.ActiveCfg = Release|Any CPU
		{CA1F5B1B-1882-EE89-D6DF-649D6046E61E}.Release|Any CPU.Build.0 = Release|Any CPU
		{F863E68B-AA84-8E64-9A99-0A6A729FA26B}.Debug|Any CPU.ActiveCfg = Debug|Any CPU
		{F863E68B-AA84-8E64-9A99-0A6A729FA26B}.Debug|Any CPU.Build.0 = Debug|Any CPU
		{F863E68B-AA84-8E64-9A99-0A6A729FA26B}.Release|Any CPU.ActiveCfg = Release|Any CPU
		{F863E68B-AA84-8E64-9A99-0A6A729FA26B}.Release|Any CPU.Build.0 = Release|Any CPU
		{F93D1125-6B9C-0365-C190-117936228EF4}.Debug|Any CPU.ActiveCfg = Debug|Any CPU
		{F93D1125-6B9C-0365-C190-117936228EF4}.Debug|Any CPU.Build.0 = Debug|Any CPU
		{F93D1125-6B9C-0365-C190-117936228EF4}.Release|Any CPU.ActiveCfg = Release|Any CPU
		{F93D1125-6B9C-0365-C190-117936228EF4}.Release|Any CPU.Build.0 = Release|Any CPU
		{5FE17596-6178-CA50-B1BD-AC14EC06962B}.Debug|Any CPU.ActiveCfg = Debug|Any CPU
		{5FE17596-6178-CA50-B1BD-AC14EC06962B}.Debug|Any CPU.Build.0 = Debug|Any CPU
		{5FE17596-6178-CA50-B1BD-AC14EC06962B}.Release|Any CPU.ActiveCfg = Release|Any CPU
		{5FE17596-6178-CA50-B1BD-AC14EC06962B}.Release|Any CPU.Build.0 = Release|Any CPU
		{2CE48043-E1A5-28B2-4F56-14850ED3A38C}.Debug|Any CPU.ActiveCfg = Debug|Any CPU
		{2CE48043-E1A5-28B2-4F56-14850ED3A38C}.Debug|Any CPU.Build.0 = Debug|Any CPU
		{2CE48043-E1A5-28B2-4F56-14850ED3A38C}.Release|Any CPU.ActiveCfg = Release|Any CPU
		{2CE48043-E1A5-28B2-4F56-14850ED3A38C}.Release|Any CPU.Build.0 = Release|Any CPU
	EndGlobalSection
	GlobalSection(SolutionProperties) = preSolution
		HideSolutionNode = FALSE
	EndGlobalSection
	GlobalSection(NestedProjects) = preSolution
		{F863E68B-AA84-8E64-9A99-0A6A729FA26B} = {DF572EAA-2BC4-7083-A1C9-E138B4BE775E}
		{F93D1125-6B9C-0365-C190-117936228EF4} = {DF572EAA-2BC4-7083-A1C9-E138B4BE775E}
		{A2720889-746A-7AB6-F856-352CD46466FB} = {DF572EAA-2BC4-7083-A1C9-E138B4BE775E}
		{5FE17596-6178-CA50-B1BD-AC14EC06962B} = {A2720889-746A-7AB6-F856-352CD46466FB}
		{C66FADE4-DAEC-5120-66A5-1F8FCBB53E60} = {DF572EAA-2BC4-7083-A1C9-E138B4BE775E}
		{6F0F305A-9E25-A088-3B93-B6EC7C92DFEB} = {C66FADE4-DAEC-5120-66A5-1F8FCBB53E60}
		{2CE48043-E1A5-28B2-4F56-14850ED3A38C} = {6F0F305A-9E25-A088-3B93-B6EC7C92DFEB}
	EndGlobalSection
	GlobalSection(ExtensibilityGlobals) = postSolution
		SolutionGuid = {87525650-7B1B-4CF4-871D-7701F07BB470}
	EndGlobalSection
EndGlobal
